Microsoft Visual Studio Solution File, Format Version 11.00
# Visual Studio 2008

Project("{70099E4B-A9BD-33C6-FEA8-FB0BD4D29E6D}") = "Cartoon Defense", "Assembly-CSharp-vs.csproj", "{D0E882C3-D862-1694-9775-BCE83D2FA5F5}"
EndProject
Project("{70099E4B-A9BD-33C6-FEA8-FB0BD4D29E6D}") = "Cartoon Defense", "Assembly-CSharp-Editor-vs.csproj", "{49B8F80B-D836-D916-AADF-63B5BC32A416}"
EndProject
Global
	GlobalSection(SolutionConfigurationPlatforms) = preSolution
		Debug|Any CPU = Debug|Any CPU
		Release|Any CPU = Release|Any CPU
	EndGlobalSection
	GlobalSection(ProjectConfigurationPlatforms) = postSolution
		{D0E882C3-D862-1694-9775-BCE83D2FA5F5}.Debug|Any CPU.ActiveCfg = Debug|Any CPU
		{D0E882C3-D862-1694-9775-BCE83D2FA5F5}.Debug|Any CPU.Build.0 = Debug|Any CPU
		{D0E882C3-D862-1694-9775-BCE83D2FA5F5}.Release|Any CPU.ActiveCfg = Release|Any CPU
		{D0E882C3-D862-1694-9775-BCE83D2FA5F5}.Release|Any CPU.Build.0 = Release|Any CPU
		{49B8F80B-D836-D916-AADF-63B5BC32A416}.Debug|Any CPU.ActiveCfg = Debug|Any CPU
		{49B8F80B-D836-D916-AADF-63B5BC32A416}.Debug|Any CPU.Build.0 = Debug|Any CPU
		{49B8F80B-D836-D916-AADF-63B5BC32A416}.Release|Any CPU.ActiveCfg = Release|Any CPU
		{49B8F80B-D836-D916-AADF-63B5BC32A416}.Release|Any CPU.Build.0 = Release|Any CPU
	EndGlobalSection
	GlobalSection(SolutionProperties) = preSolution
		HideSolutionNode = FALSE
	EndGlobalSection
																GlobalSection(MonoDevelopProperties) = preSolution
		StartupItem = Assembly-CSharp.csproj
		Policies = $0
		$0.TextStylePolicy = $1
		$1.inheritsSet = null
		$1.scope = text/x-csharp
		$0.CSharpFormattingPolicy = $2
		$2.inheritsSet = Mono
		$2.inheritsScope = text/x-csharp
		$2.scope = text/x-csharp
		$0.TextStylePolicy = $3
		$3.FileWidth = 120
		$3.TabWidth = 4
		$3.EolMarker = Unix
		$3.inheritsSet = Mono
		$3.inheritsScope = text/plain
		$3.scope = text/plain
	EndGlobalSection

EndGlobal
